Microsoft Visual Studio Solution File, Format Version 12.00
# Visual Studio Version 17
VisualStudioVersion = 17.5.2.0
MinimumVisualStudioVersion = 10.0.40219.1
Project("{FAE04EC0-301F-11D3-BF4B-00C04F79EFBC}") = "Semester-2-Development-of-Software-Systems-Group-22", "HeatProductionSystem\Semester-2-Development-of-Software-Systems-Group-22.csproj", "{6351C9CC-28AC-47BF-10FA-DCD8B2F02B40}"
EndProject
Project("{FAE04EC0-301F-11D3-BF4B-00C04F79EFBC}") = "UnitTesting", "UnitTesting\UnitTesting.csproj", "{C0B7F35F-D2C2-67AD-859C-1444A49D540F}"
EndProject
Global
	GlobalSection(SolutionConfigurationPlatforms) = preSolution
		Debug|Any CPU = Debug|Any CPU
		Release|Any CPU = Release|Any CPU
	EndGlobalSection
	GlobalSection(ProjectConfigurationPlatforms) = postSolution
		{6351C9CC-28AC-47BF-10FA-DCD8B2F02B40}.Debug|Any CPU.ActiveCfg = Debug|Any CPU
		{6351C9CC-28AC-47BF-10FA-DCD8B2F02B40}.Debug|Any CPU.Build.0 = Debug|Any CPU
		{6351C9CC-28AC-47BF-10FA-DCD8B2F02B40}.Release|Any CPU.ActiveCfg = Release|Any CPU
		{6351C9CC-28AC-47BF-10FA-DCD8B2F02B40}.Release|Any CPU.Build.0 = Release|Any CPU
		{C0B7F35F-D2C2-67AD-859C-1444A49D540F}.Debug|Any CPU.ActiveCfg = Debug|Any CPU
		{C0B7F35F-D2C2-67AD-859C-1444A49D540F}.Debug|Any CPU.Build.0 = Debug|Any CPU
		{C0B7F35F-D2C2-67AD-859C-1444A49D540F}.Release|Any CPU.ActiveCfg = Release|Any CPU
		{C0B7F35F-D2C2-67AD-859C-1444A49D540F}.Release|Any CPU.Build.0 = Release|Any CPU
	EndGlobalSection
	GlobalSection(SolutionProperties) = preSolution
		HideSolutionNode = FALSE
	EndGlobalSection
	GlobalSection(ExtensibilityGlobals) = postSolution
		SolutionGuid = {10FE8EB8-19CF-45AA-81F6-24D48D737472}
	EndGlobalSection
EndGlobal
